
Microsoft Visual Studio Solution File, Format Version 12.00
# Visual Studio 15
VisualStudioVersion = 15.0.28307.438
MinimumVisualStudioVersion = 10.0.40219.1
Project("{FAE04EC0-301F-11D3-BF4B-00C04F79EFBC}") = "DaysToAccuralSummCount", "DaysToAccuralSummCount\DaysToAccuralSummCount.csproj", "{23DEBA54-2704-4545-9378-89B3887AA190}"
EndProject
Global
	GlobalSection(SolutionConfigurationPlatforms) = preSolution
		Debug|Any CPU = Debug|Any CPU
		Release|Any CPU = Release|Any CPU
	EndGlobalSection
	GlobalSection(ProjectConfigurationPlatforms) = postSolution
		{23DEBA54-2704-4545-9378-89B3887AA190}.Debug|Any CPU.ActiveCfg = Debug|Any CPU
		{23DEBA54-2704-4545-9378-89B3887AA190}.Debug|Any CPU.Build.0 = Debug|Any CPU
		{23DEBA54-2704-4545-9378-89B3887AA190}.Release|Any CPU.ActiveCfg = Release|Any CPU
		{23DEBA54-2704-4545-9378-89B3887AA190}.Release|Any CPU.Build.0 = Release|Any CPU
	EndGlobalSection
	GlobalSection(SolutionProperties) = preSolution
		HideSolutionNode = FALSE
	EndGlobalSection
	GlobalSection(ExtensibilityGlobals) = postSolution
		SolutionGuid = {6BA7CDE6-88B6-4143-A2E1-D26A6A68B8FA}
	EndGlobalSection
EndGlobal
