
Microsoft Visual Studio Solution File, Format Version 12.00
# Visual Studio 15
VisualStudioVersion = 15.0.28307.438
MinimumVisualStudioVersion = 10.0.40219.1
Project("{FAE04EC0-301F-11D3-BF4B-00C04F79EFBC}") = "LogWriters", "LogWriters\LogWriters.csproj", "{E6728F8F-1C4F-4BBC-B428-A37481C9F07B}"
EndProject
Global
	GlobalSection(SolutionConfigurationPlatforms) = preSolution
		Debug|Any CPU = Debug|Any CPU
		Release|Any CPU = Release|Any CPU
	EndGlobalSection
	GlobalSection(ProjectConfigurationPlatforms) = postSolution
		{E6728F8F-1C4F-4BBC-B428-A37481C9F07B}.Debug|Any CPU.ActiveCfg = Debug|Any CPU
		{E6728F8F-1C4F-4BBC-B428-A37481C9F07B}.Debug|Any CPU.Build.0 = Debug|Any CPU
		{E6728F8F-1C4F-4BBC-B428-A37481C9F07B}.Release|Any CPU.ActiveCfg = Release|Any CPU
		{E6728F8F-1C4F-4BBC-B428-A37481C9F07B}.Release|Any CPU.Build.0 = Release|Any CPU
	EndGlobalSection
	GlobalSection(SolutionProperties) = preSolution
		HideSolutionNode = FALSE
	EndGlobalSection
	GlobalSection(ExtensibilityGlobals) = postSolution
		SolutionGuid = {8A95FB0F-2369-45CC-B440-ACE6DA42D3E2}
	EndGlobalSection
EndGlobal
