
Microsoft Visual Studio Solution File, Format Version 12.00
# Visual Studio 15
VisualStudioVersion = 15.0.28307.421
MinimumVisualStudioVersion = 10.0.40219.1
Project("{FAE04EC0-301F-11D3-BF4B-00C04F79EFBC}") = "Calculator", "Calculator\Calculator.csproj", "{C9D05E19-A6B7-4CD1-8E02-C5FD0B858490}"
EndProject
Project("{FAE04EC0-301F-11D3-BF4B-00C04F79EFBC}") = "Calculator.Operation", "Calculator.operation\Calculator.Operation.csproj", "{DD0739B9-1C58-4824-89E0-BDB8919E608D}"
EndProject
Project("{FAE04EC0-301F-11D3-BF4B-00C04F79EFBC}") = "Calculator.Figure", "calculator.Figure\Calculator.Figure.csproj", "{92C2F083-848C-48E7-A4AF-1065E1D633AE}"
EndProject
Global
	GlobalSection(SolutionConfigurationPlatforms) = preSolution
		Debug|Any CPU = Debug|Any CPU
		Release|Any CPU = Release|Any CPU
	EndGlobalSection
	GlobalSection(ProjectConfigurationPlatforms) = postSolution
		{C9D05E19-A6B7-4CD1-8E02-C5FD0B858490}.Debug|Any CPU.ActiveCfg = Debug|Any CPU
		{C9D05E19-A6B7-4CD1-8E02-C5FD0B858490}.Debug|Any CPU.Build.0 = Debug|Any CPU
		{C9D05E19-A6B7-4CD1-8E02-C5FD0B858490}.Release|Any CPU.ActiveCfg = Release|Any CPU
		{C9D05E19-A6B7-4CD1-8E02-C5FD0B858490}.Release|Any CPU.Build.0 = Release|Any CPU
		{DD0739B9-1C58-4824-89E0-BDB8919E608D}.Debug|Any CPU.ActiveCfg = Debug|Any CPU
		{DD0739B9-1C58-4824-89E0-BDB8919E608D}.Debug|Any CPU.Build.0 = Debug|Any CPU
		{DD0739B9-1C58-4824-89E0-BDB8919E608D}.Release|Any CPU.ActiveCfg = Release|Any CPU
		{DD0739B9-1C58-4824-89E0-BDB8919E608D}.Release|Any CPU.Build.0 = Release|Any CPU
		{92C2F083-848C-48E7-A4AF-1065E1D633AE}.Debug|Any CPU.ActiveCfg = Debug|Any CPU
		{92C2F083-848C-48E7-A4AF-1065E1D633AE}.Debug|Any CPU.Build.0 = Debug|Any CPU
		{92C2F083-848C-48E7-A4AF-1065E1D633AE}.Release|Any CPU.ActiveCfg = Release|Any CPU
		{92C2F083-848C-48E7-A4AF-1065E1D633AE}.Release|Any CPU.Build.0 = Release|Any CPU
	EndGlobalSection
	GlobalSection(SolutionProperties) = preSolution
		HideSolutionNode = FALSE
	EndGlobalSection
	GlobalSection(ExtensibilityGlobals) = postSolution
		SolutionGuid = {4395EAC9-802F-40D3-9AD7-E29D6C5C2FF6}
	EndGlobalSection
EndGlobal
