
Microsoft Visual Studio Solution File, Format Version 12.00
# Visual Studio 15
VisualStudioVersion = 15.0.28307.421
MinimumVisualStudioVersion = 10.0.40219.1
Project("{FAE04EC0-301F-11D3-BF4B-00C04F79EFBC}") = "MVCImplementation", "MVCImplementation\MVCImplementation.csproj", "{37A25D44-20FB-432A-8F61-C23D1E5A0B40}"
EndProject
Global
	GlobalSection(SolutionConfigurationPlatforms) = preSolution
		Debug|Any CPU = Debug|Any CPU
		Release|Any CPU = Release|Any CPU
	EndGlobalSection
	GlobalSection(ProjectConfigurationPlatforms) = postSolution
		{37A25D44-20FB-432A-8F61-C23D1E5A0B40}.Debug|Any CPU.ActiveCfg = Debug|Any CPU
		{37A25D44-20FB-432A-8F61-C23D1E5A0B40}.Debug|Any CPU.Build.0 = Debug|Any CPU
		{37A25D44-20FB-432A-8F61-C23D1E5A0B40}.Release|Any CPU.ActiveCfg = Release|Any CPU
		{37A25D44-20FB-432A-8F61-C23D1E5A0B40}.Release|Any CPU.Build.0 = Release|Any CPU
	EndGlobalSection
	GlobalSection(SolutionProperties) = preSolution
		HideSolutionNode = FALSE
	EndGlobalSection
	GlobalSection(ExtensibilityGlobals) = postSolution
		SolutionGuid = {2A3C2A9D-DD20-4A80-A7B5-56192224AA1C}
	EndGlobalSection
EndGlobal
