
Microsoft Visual Studio Solution File, Format Version 12.00
# Visual Studio 15
VisualStudioVersion = 15.0.28307.438
MinimumVisualStudioVersion = 10.0.40219.1
Project("{FAE04EC0-301F-11D3-BF4B-00C04F79EFBC}") = "IndividualNumbersInNaturalNumberCount", "IndividualNumbersInNaturalNumberCount\IndividualNumbersInNaturalNumberCount.csproj", "{50FC43B1-48B5-4CD1-8451-123394480522}"
EndProject
Global
	GlobalSection(SolutionConfigurationPlatforms) = preSolution
		Debug|Any CPU = Debug|Any CPU
		Release|Any CPU = Release|Any CPU
	EndGlobalSection
	GlobalSection(ProjectConfigurationPlatforms) = postSolution
		{50FC43B1-48B5-4CD1-8451-123394480522}.Debug|Any CPU.ActiveCfg = Debug|Any CPU
		{50FC43B1-48B5-4CD1-8451-123394480522}.Debug|Any CPU.Build.0 = Debug|Any CPU
		{50FC43B1-48B5-4CD1-8451-123394480522}.Release|Any CPU.ActiveCfg = Release|Any CPU
		{50FC43B1-48B5-4CD1-8451-123394480522}.Release|Any CPU.Build.0 = Release|Any CPU
	EndGlobalSection
	GlobalSection(SolutionProperties) = preSolution
		HideSolutionNode = FALSE
	EndGlobalSection
	GlobalSection(ExtensibilityGlobals) = postSolution
		SolutionGuid = {5473CB49-9E33-4405-BE04-21C088659264}
	EndGlobalSection
EndGlobal
