
Microsoft Visual Studio Solution File, Format Version 12.00
# Visual Studio 15
VisualStudioVersion = 15.0.28307.421
MinimumVisualStudioVersion = 10.0.40219.1
Project("{FAE04EC0-301F-11D3-BF4B-00C04F79EFBC}") = "DemoApp1", "DemoApp1\DemoApp1.csproj", "{A54AEC7E-2758-4C76-84AD-3E5E0F034884}"
EndProject
Global
	GlobalSection(SolutionConfigurationPlatforms) = preSolution
		Debug|Any CPU = Debug|Any CPU
		Release|Any CPU = Release|Any CPU
	EndGlobalSection
	GlobalSection(ProjectConfigurationPlatforms) = postSolution
		{A54AEC7E-2758-4C76-84AD-3E5E0F034884}.Debug|Any CPU.ActiveCfg = Debug|Any CPU
		{A54AEC7E-2758-4C76-84AD-3E5E0F034884}.Debug|Any CPU.Build.0 = Debug|Any CPU
		{A54AEC7E-2758-4C76-84AD-3E5E0F034884}.Release|Any CPU.ActiveCfg = Release|Any CPU
		{A54AEC7E-2758-4C76-84AD-3E5E0F034884}.Release|Any CPU.Build.0 = Release|Any CPU
	EndGlobalSection
	GlobalSection(SolutionProperties) = preSolution
		HideSolutionNode = FALSE
	EndGlobalSection
	GlobalSection(ExtensibilityGlobals) = postSolution
		SolutionGuid = {6EB3D69B-D37E-4589-A0B3-58CD7F6E2C91}
	EndGlobalSection
EndGlobal
