
Microsoft Visual Studio Solution File, Format Version 12.00
# Visual Studio 15
VisualStudioVersion = 15.0.28307.438
MinimumVisualStudioVersion = 10.0.40219.1
Project("{FAE04EC0-301F-11D3-BF4B-00C04F79EFBC}") = "DataStructures", "DataStructures\DataStructures.csproj", "{07A81A87-5BE5-4B73-8FE0-42A9F5EA4179}"
EndProject
Global
	GlobalSection(SolutionConfigurationPlatforms) = preSolution
		Debug|Any CPU = Debug|Any CPU
		Release|Any CPU = Release|Any CPU
	EndGlobalSection
	GlobalSection(ProjectConfigurationPlatforms) = postSolution
		{07A81A87-5BE5-4B73-8FE0-42A9F5EA4179}.Debug|Any CPU.ActiveCfg = Debug|Any CPU
		{07A81A87-5BE5-4B73-8FE0-42A9F5EA4179}.Debug|Any CPU.Build.0 = Debug|Any CPU
		{07A81A87-5BE5-4B73-8FE0-42A9F5EA4179}.Release|Any CPU.ActiveCfg = Release|Any CPU
		{07A81A87-5BE5-4B73-8FE0-42A9F5EA4179}.Release|Any CPU.Build.0 = Release|Any CPU
	EndGlobalSection
	GlobalSection(SolutionProperties) = preSolution
		HideSolutionNode = FALSE
	EndGlobalSection
	GlobalSection(ExtensibilityGlobals) = postSolution
		SolutionGuid = {7DF8E736-0425-43DC-8C59-E4F9E75B258C}
	EndGlobalSection
EndGlobal
