
Microsoft Visual Studio Solution File, Format Version 12.00
# Visual Studio 15
VisualStudioVersion = 15.0.28307.438
MinimumVisualStudioVersion = 10.0.40219.1
Project("{FAE04EC0-301F-11D3-BF4B-00C04F79EFBC}") = "ReminderItem", "ReminderItem\ReminderItem.csproj", "{A8B4948D-8ADF-46EA-BB9D-6B82F9BD7B72}"
EndProject
Global
	GlobalSection(SolutionConfigurationPlatforms) = preSolution
		Debug|Any CPU = Debug|Any CPU
		Release|Any CPU = Release|Any CPU
	EndGlobalSection
	GlobalSection(ProjectConfigurationPlatforms) = postSolution
		{A8B4948D-8ADF-46EA-BB9D-6B82F9BD7B72}.Debug|Any CPU.ActiveCfg = Debug|Any CPU
		{A8B4948D-8ADF-46EA-BB9D-6B82F9BD7B72}.Debug|Any CPU.Build.0 = Debug|Any CPU
		{A8B4948D-8ADF-46EA-BB9D-6B82F9BD7B72}.Release|Any CPU.ActiveCfg = Release|Any CPU
		{A8B4948D-8ADF-46EA-BB9D-6B82F9BD7B72}.Release|Any CPU.Build.0 = Release|Any CPU
	EndGlobalSection
	GlobalSection(SolutionProperties) = preSolution
		HideSolutionNode = FALSE
	EndGlobalSection
	GlobalSection(ExtensibilityGlobals) = postSolution
		SolutionGuid = {8EB387AF-3A84-4BE9-8B72-8F74DAA14887}
	EndGlobalSection
EndGlobal
