
Microsoft Visual Studio Solution File, Format Version 12.00
# Visual Studio 15
VisualStudioVersion = 15.0.28307.421
MinimumVisualStudioVersion = 10.0.40219.1
Project("{FAE04EC0-301F-11D3-BF4B-00C04F79EFBC}") = "HomeApp1", "HomeApp1\HomeApp1.csproj", "{5E6D4055-F964-43AC-8B83-7A3D7CF1C808}"
EndProject
Global
	GlobalSection(SolutionConfigurationPlatforms) = preSolution
		Debug|Any CPU = Debug|Any CPU
		Release|Any CPU = Release|Any CPU
	EndGlobalSection
	GlobalSection(ProjectConfigurationPlatforms) = postSolution
		{5E6D4055-F964-43AC-8B83-7A3D7CF1C808}.Debug|Any CPU.ActiveCfg = Debug|Any CPU
		{5E6D4055-F964-43AC-8B83-7A3D7CF1C808}.Debug|Any CPU.Build.0 = Debug|Any CPU
		{5E6D4055-F964-43AC-8B83-7A3D7CF1C808}.Release|Any CPU.ActiveCfg = Release|Any CPU
		{5E6D4055-F964-43AC-8B83-7A3D7CF1C808}.Release|Any CPU.Build.0 = Release|Any CPU
	EndGlobalSection
	GlobalSection(SolutionProperties) = preSolution
		HideSolutionNode = FALSE
	EndGlobalSection
	GlobalSection(ExtensibilityGlobals) = postSolution
		SolutionGuid = {BCE3A211-D485-4EEE-84AD-879866ED4125}
	EndGlobalSection
EndGlobal
