
Microsoft Visual Studio Solution File, Format Version 12.00
# Visual Studio 15
VisualStudioVersion = 15.0.28307.421
MinimumVisualStudioVersion = 10.0.40219.1
Project("{FAE04EC0-301F-11D3-BF4B-00C04F79EFBC}") = "consoleOutParamVariety", "ClassWork7\consoleOutParamVariety.csproj", "{F7458CBA-255D-4980-9CAA-7B74F21E1237}"
EndProject
Global
	GlobalSection(SolutionConfigurationPlatforms) = preSolution
		Debug|Any CPU = Debug|Any CPU
		Release|Any CPU = Release|Any CPU
	EndGlobalSection
	GlobalSection(ProjectConfigurationPlatforms) = postSolution
		{F7458CBA-255D-4980-9CAA-7B74F21E1237}.Debug|Any CPU.ActiveCfg = Debug|Any CPU
		{F7458CBA-255D-4980-9CAA-7B74F21E1237}.Debug|Any CPU.Build.0 = Debug|Any CPU
		{F7458CBA-255D-4980-9CAA-7B74F21E1237}.Release|Any CPU.ActiveCfg = Release|Any CPU
		{F7458CBA-255D-4980-9CAA-7B74F21E1237}.Release|Any CPU.Build.0 = Release|Any CPU
	EndGlobalSection
	GlobalSection(SolutionProperties) = preSolution
		HideSolutionNode = FALSE
	EndGlobalSection
	GlobalSection(ExtensibilityGlobals) = postSolution
		SolutionGuid = {51572FA9-34CD-47B6-AD7F-FD5CA5CFF4FE}
	EndGlobalSection
EndGlobal
