
Microsoft Visual Studio Solution File, Format Version 12.00
# Visual Studio 15
VisualStudioVersion = 15.0.28307.438
MinimumVisualStudioVersion = 10.0.40219.1
Project("{FAE04EC0-301F-11D3-BF4B-00C04F79EFBC}") = "WordsStartWithACount", "WordsStartWithACount\WordsStartWithACount.csproj", "{C283D338-66FD-45B5-A0E4-8F612457816B}"
EndProject
Global
	GlobalSection(SolutionConfigurationPlatforms) = preSolution
		Debug|Any CPU = Debug|Any CPU
		Release|Any CPU = Release|Any CPU
	EndGlobalSection
	GlobalSection(ProjectConfigurationPlatforms) = postSolution
		{C283D338-66FD-45B5-A0E4-8F612457816B}.Debug|Any CPU.ActiveCfg = Debug|Any CPU
		{C283D338-66FD-45B5-A0E4-8F612457816B}.Debug|Any CPU.Build.0 = Debug|Any CPU
		{C283D338-66FD-45B5-A0E4-8F612457816B}.Release|Any CPU.ActiveCfg = Release|Any CPU
		{C283D338-66FD-45B5-A0E4-8F612457816B}.Release|Any CPU.Build.0 = Release|Any CPU
	EndGlobalSection
	GlobalSection(SolutionProperties) = preSolution
		HideSolutionNode = FALSE
	EndGlobalSection
	GlobalSection(ExtensibilityGlobals) = postSolution
		SolutionGuid = {187B3799-210B-4222-A262-1BD644247C08}
	EndGlobalSection
EndGlobal
