
Microsoft Visual Studio Solution File, Format Version 12.00
# Visual Studio 15
VisualStudioVersion = 15.0.28307.421
MinimumVisualStudioVersion = 10.0.40219.1
Project("{9A19103F-16F7-4668-BE54-9A1E7A4F7556}") = "ClassWork", "ClassWork4\ClassWork.csproj", "{E207201A-BE6C-422C-AE36-A7CF6DD3A742}"
EndProject
Global
	GlobalSection(SolutionConfigurationPlatforms) = preSolution
		Debug|Any CPU = Debug|Any CPU
		Release|Any CPU = Release|Any CPU
	EndGlobalSection
	GlobalSection(ProjectConfigurationPlatforms) = postSolution
		{E207201A-BE6C-422C-AE36-A7CF6DD3A742}.Debug|Any CPU.ActiveCfg = Debug|Any CPU
		{E207201A-BE6C-422C-AE36-A7CF6DD3A742}.Debug|Any CPU.Build.0 = Debug|Any CPU
		{E207201A-BE6C-422C-AE36-A7CF6DD3A742}.Release|Any CPU.ActiveCfg = Release|Any CPU
		{E207201A-BE6C-422C-AE36-A7CF6DD3A742}.Release|Any CPU.Build.0 = Release|Any CPU
	EndGlobalSection
	GlobalSection(SolutionProperties) = preSolution
		HideSolutionNode = FALSE
	EndGlobalSection
	GlobalSection(ExtensibilityGlobals) = postSolution
		SolutionGuid = {BEBB391E-61C8-484F-AD86-C14279D2777C}
	EndGlobalSection
EndGlobal
