
Microsoft Visual Studio Solution File, Format Version 12.00
# Visual Studio 15
VisualStudioVersion = 15.0.28307.421
MinimumVisualStudioVersion = 10.0.40219.1
Project("{FAE04EC0-301F-11D3-BF4B-00C04F79EFBC}") = "ClassWork", "ClassWork\ClassWork.csproj", "{EDE444AE-2A12-4067-A28E-88BE5D2BDB92}"
EndProject
Global
	GlobalSection(SolutionConfigurationPlatforms) = preSolution
		Debug|Any CPU = Debug|Any CPU
		Release|Any CPU = Release|Any CPU
	EndGlobalSection
	GlobalSection(ProjectConfigurationPlatforms) = postSolution
		{EDE444AE-2A12-4067-A28E-88BE5D2BDB92}.Debug|Any CPU.ActiveCfg = Debug|Any CPU
		{EDE444AE-2A12-4067-A28E-88BE5D2BDB92}.Debug|Any CPU.Build.0 = Debug|Any CPU
		{EDE444AE-2A12-4067-A28E-88BE5D2BDB92}.Release|Any CPU.ActiveCfg = Release|Any CPU
		{EDE444AE-2A12-4067-A28E-88BE5D2BDB92}.Release|Any CPU.Build.0 = Release|Any CPU
	EndGlobalSection
	GlobalSection(SolutionProperties) = preSolution
		HideSolutionNode = FALSE
	EndGlobalSection
	GlobalSection(ExtensibilityGlobals) = postSolution
		SolutionGuid = {6D596DFB-7ECB-4265-AA7A-13BDF411F1F7}
	EndGlobalSection
EndGlobal
