
Microsoft Visual Studio Solution File, Format Version 12.00
# Visual Studio 15
VisualStudioVersion = 15.0.28307.421
MinimumVisualStudioVersion = 10.0.40219.1
Project("{FAE04EC0-301F-11D3-BF4B-00C04F79EFBC}") = "ClassWorkApp", "ClassWorkApp\ClassWorkApp.csproj", "{ECB36B39-DA95-404D-B3CD-E0CE017E4B64}"
EndProject
Global
	GlobalSection(SolutionConfigurationPlatforms) = preSolution
		Debug|Any CPU = Debug|Any CPU
		Release|Any CPU = Release|Any CPU
	EndGlobalSection
	GlobalSection(ProjectConfigurationPlatforms) = postSolution
		{ECB36B39-DA95-404D-B3CD-E0CE017E4B64}.Debug|Any CPU.ActiveCfg = Debug|Any CPU
		{ECB36B39-DA95-404D-B3CD-E0CE017E4B64}.Debug|Any CPU.Build.0 = Debug|Any CPU
		{ECB36B39-DA95-404D-B3CD-E0CE017E4B64}.Release|Any CPU.ActiveCfg = Release|Any CPU
		{ECB36B39-DA95-404D-B3CD-E0CE017E4B64}.Release|Any CPU.Build.0 = Release|Any CPU
	EndGlobalSection
	GlobalSection(SolutionProperties) = preSolution
		HideSolutionNode = FALSE
	EndGlobalSection
	GlobalSection(ExtensibilityGlobals) = postSolution
		SolutionGuid = {89C5C507-23FD-484A-A1E2-F3F19D15BF14}
	EndGlobalSection
EndGlobal
